// !$*UTF8*$!
{
	archiveVersion = 1;
	classes = {
	};
	objectVersion = 55;
	objects = {

/* Begin PBXBuildFile section */
		329EF76828C152F700DB8524 /* AppDelegate.swift in Sources */ = {isa = PBXBuildFile; fileRef = 329EF76728C152F700DB8524 /* AppDelegate.swift */; };
		329EF76A28C152F700DB8524 /* SceneDelegate.swift in Sources */ = {isa = PBXBuildFile; fileRef = 329EF76928C152F700DB8524 /* SceneDelegate.swift */; };
		329EF76C28C152F700DB8524 /* ViewController.swift in Sources */ = {isa = PBXBuildFile; fileRef = 329EF76B28C152F700DB8524 /* ViewController.swift */; };
		329EF77428C152F900DB8524 /* LaunchScreen.storyboard in Resources */ = {isa = PBXBuildFile; fileRef = 329EF77228C152F900DB8524 /* LaunchScreen.storyboard */; };
		329EF77C28C1537C00DB8524 /* DetailViewController.swift in Sources */ = {isa = PBXBuildFile; fileRef = 329EF77B28C1537C00DB8524 /* DetailViewController.swift */; };
		329EF77E28C154CF00DB8524 /* NoteCell.swift in Sources */ = {isa = PBXBuildFile; fileRef = 329EF77D28C154CF00DB8524 /* NoteCell.swift */; };
		329EF78028C1573C00DB8524 /* NoteData.swift in Sources */ = {isa = PBXBuildFile; fileRef = 329EF77F28C1573C00DB8524 /* NoteData.swift */; };
		329EF78228C1B25000DB8524 /* Main.storyboard in Resources */ = {isa = PBXBuildFile; fileRef = 329EF78128C1B25000DB8524 /* Main.storyboard */; };
		329EF78428C23CE600DB8524 /* Assets.xcassets in Resources */ = {isa = PBXBuildFile; fileRef = 329EF78328C23CE500DB8524 /* Assets.xcassets */; };
		32A491F828CD8F8200C07B51 /* KeychainItemAccessibility.swift in Sources */ = {isa = PBXBuildFile; fileRef = 32A491F628CD8F8200C07B51 /* KeychainItemAccessibility.swift */; };
		32A491F928CD8F8200C07B51 /* KeychainWrapper.swift in Sources */ = {isa = PBXBuildFile; fileRef = 32A491F728CD8F8200C07B51 /* KeychainWrapper.swift */; };
/* End PBXBuildFile section */

/* Begin PBXFileReference section */
		329EF76428C152F700DB8524 /* Challenge7 myNotes.app */ = {isa = PBXFileReference; explicitFileType = wrapper.application; includeInIndex = 0; path = "Challenge7 myNotes.app"; sourceTree = BUILT_PRODUCTS_DIR; };
		329EF76728C152F700DB8524 /* AppDelegate.swift */ = {isa = PBXFileReference; lastKnownFileType = sourcecode.swift; path = AppDelegate.swift; sourceTree = "<group>"; };
		329EF76928C152F700DB8524 /* SceneDelegate.swift */ = {isa = PBXFileReference; lastKnownFileType = sourcecode.swift; path = SceneDelegate.swift; sourceTree = "<group>"; };
		329EF76B28C152F700DB8524 /* ViewController.swift */ = {isa = PBXFileReference; lastKnownFileType = sourcecode.swift; path = ViewController.swift; sourceTree = "<group>"; };
		329EF77328C152F900DB8524 /* Base */ = {isa = PBXFileReference; lastKnownFileType = file.storyboard; name = Base; path = Base.lproj/LaunchScreen.storyboard; sourceTree = "<group>"; };
		329EF77528C152F900DB8524 /* Info.plist */ = {isa = PBXFileReference; lastKnownFileType = text.plist.xml; path = Info.plist; sourceTree = "<group>"; };
		329EF77B28C1537C00DB8524 /* DetailViewController.swift */ = {isa = PBXFileReference; lastKnownFileType = sourcecode.swift; path = DetailViewController.swift; sourceTree = "<group>"; };
		329EF77D28C154CF00DB8524 /* NoteCell.swift */ = {isa = PBXFileReference; lastKnownFileType = sourcecode.swift; path = NoteCell.swift; sourceTree = "<group>"; };
		329EF77F28C1573C00DB8524 /* NoteData.swift */ = {isa = PBXFileReference; lastKnownFileType = sourcecode.swift; path = NoteData.swift; sourceTree = "<group>"; };
		329EF78128C1B25000DB8524 /* Main.storyboard */ = {isa = PBXFileReference; fileEncoding = 4; lastKnownFileType = file.storyboard; path = Main.storyboard; sourceTree = "<group>"; };
		329EF78328C23CE500DB8524 /* Assets.xcassets */ = {isa = PBXFileReference; lastKnownFileType = folder.assetcatalog; path = Assets.xcassets; sourceTree = "<group>"; };
		32A491F628CD8F8200C07B51 /* KeychainItemAccessibility.swift */ = {isa = PBXFileReference; fileEncoding = 4; lastKnownFileType = sourcecode.swift; path = KeychainItemAccessibility.swift; sourceTree = "<group>"; };
		32A491F728CD8F8200C07B51 /* KeychainWrapper.swift */ = {isa = PBXFileReference; fileEncoding = 4; lastKnownFileType = sourcecode.swift; path = KeychainWrapper.swift; sourceTree = "<group>"; };
/* End PBXFileReference section */

/* Begin PBXFrameworksBuildPhase section */
		329EF76128C152F700DB8524 /* Frameworks */ = {
			isa = PBXFrameworksBuildPhase;
			buildActionMask = 2147483647;
			files = (
			);
			runOnlyForDeploymentPostprocessing = 0;
		};
/* End PBXFrameworksBuildPhase section */

/* Begin PBXGroup section */
		329EF75B28C152F700DB8524 = {
			isa = PBXGroup;
			children = (
				329EF76628C152F700DB8524 /* Challenge7 myNotes */,
				329EF76528C152F700DB8524 /* Products */,
			);
			sourceTree = "<group>";
		};
		329EF76528C152F700DB8524 /* Products */ = {
			isa = PBXGroup;
			children = (
				329EF76428C152F700DB8524 /* Challenge7 myNotes.app */,
			);
			name = Products;
			sourceTree = "<group>";
		};
		329EF76628C152F700DB8524 /* Challenge7 myNotes */ = {
			isa = PBXGroup;
			children = (
				329EF76728C152F700DB8524 /* AppDelegate.swift */,
				329EF76928C152F700DB8524 /* SceneDelegate.swift */,
				329EF76B28C152F700DB8524 /* ViewController.swift */,
				329EF77B28C1537C00DB8524 /* DetailViewController.swift */,
				329EF77D28C154CF00DB8524 /* NoteCell.swift */,
				329EF77F28C1573C00DB8524 /* NoteData.swift */,
				329EF78128C1B25000DB8524 /* Main.storyboard */,
				329EF77228C152F900DB8524 /* LaunchScreen.storyboard */,
				32A491F628CD8F8200C07B51 /* KeychainItemAccessibility.swift */,
				32A491F728CD8F8200C07B51 /* KeychainWrapper.swift */,
				329EF78328C23CE500DB8524 /* Assets.xcassets */,
				329EF77528C152F900DB8524 /* Info.plist */,
			);
			path = "Challenge7 myNotes";
			sourceTree = "<group>";
		};
/* End PBXGroup section */

/* Begin PBXNativeTarget section */
		329EF76328C152F700DB8524 /* Challenge7 myNotes */ = {
			isa = PBXNativeTarget;
			buildConfigurationList = 329EF77828C152F900DB8524 /* Build configuration list for PBXNativeTarget "Challenge7 myNotes" */;
			buildPhases = (
				329EF76028C152F700DB8524 /* Sources */,
				329EF76128C152F700DB8524 /* Frameworks */,
				329EF76228C152F700DB8524 /* Resources */,
			);
			buildRules = (
			);
			dependencies = (
			);
			name = "Challenge7 myNotes";
			productName = "Challenge7 myNotes";
			productReference = 329EF76428C152F700DB8524 /* Challenge7 myNotes.app */;
			productType = "com.apple.product-type.application";
		};
/* End PBXNativeTarget section */

/* Begin PBXProject section */
		329EF75C28C152F700DB8524 /* Project object */ = {
			isa = PBXProject;
			attributes = {
				BuildIndependentTargetsInParallel = 1;
				LastSwiftUpdateCheck = 1330;
				LastUpgradeCheck = 1330;
				TargetAttributes = {
					329EF76328C152F700DB8524 = {
						CreatedOnToolsVersion = 13.3;
					};
				};
			};
			buildConfigurationList = 329EF75F28C152F700DB8524 /* Build configuration list for PBXProject "Challenge7 myNotes" */;
			compatibilityVersion = "Xcode 13.0";
			developmentRegion = en;
			hasScannedForEncodings = 0;
			knownRegions = (
				en,
				Base,
			);
			mainGroup = 329EF75B28C152F700DB8524;
			productRefGroup = 329EF76528C152F700DB8524 /* Products */;
			projectDirPath = "";
			projectRoot = "";
			targets = (
				329EF76328C152F700DB8524 /* Challenge7 myNotes */,
			);
		};
/* End PBXProject section */

/* Begin PBXResourcesBuildPhase section */
		329EF76228C152F700DB8524 /* Resources */ = {
			isa = PBXResourcesBuildPhase;
			buildActionMask = 2147483647;
			files = (
				329EF78228C1B25000DB8524 /* Main.storyboard in Resources */,
				329EF78428C23CE600DB8524 /* Assets.xcassets in Resources */,
				329EF77428C152F900DB8524 /* LaunchScreen.storyboard in Resources */,
			);
			runOnlyForDeploymentPostprocessing = 0;
		};
/* End PBXResourcesBuildPhase section */

/* Begin PBXSourcesBuildPhase section */
		329EF76028C152F700DB8524 /* Sources */ = {
			isa = PBXSourcesBuildPhase;
			buildActionMask = 2147483647;
			files = (
				329EF77E28C154CF00DB8524 /* NoteCell.swift in Sources */,
				329EF78028C1573C00DB8524 /* NoteData.swift in Sources */,
				329EF76C28C152F700DB8524 /* ViewController.swift in Sources */,
				329EF76828C152F700DB8524 /* AppDelegate.swift in Sources */,
				329EF76A28C152F700DB8524 /* SceneDelegate.swift in Sources */,
				32A491F928CD8F8200C07B51 /* KeychainWrapper.swift in Sources */,
				32A491F828CD8F8200C07B51 /* KeychainItemAccessibility.swift in Sources */,
				329EF77C28C1537C00DB8524 /* DetailViewController.swift in Sources */,
			);
			runOnlyForDeploymentPostprocessing = 0;
		};
/* End PBXSourcesBuildPhase section */

/* Begin PBXVariantGroup section */
		329EF77228C152F900DB8524 /* LaunchScreen.storyboard */ = {
			isa = PBXVariantGroup;
			children = (
				329EF77328C152F900DB8524 /* Base */,
			);
			name = LaunchScreen.storyboard;
			sourceTree = "<group>";
		};
/* End PBXVariantGroup section */

/* Begin XCBuildConfiguration section */
		329EF77628C152F900DB8524 /* Debug */ = {
			isa = XCBuildConfiguration;
			buildSettings = {
				ALWAYS_SEARCH_USER_PATHS = NO;
				CLANG_ANALYZER_NONNULL = YES;
				CLANG_ANALYZER_NUMBER_OBJECT_CONVERSION = YES_AGGRESSIVE;
				CLANG_CXX_LANGUAGE_STANDARD = "gnu++17";
				CLANG_ENABLE_MODULES = YES;
				CLANG_ENABLE_OBJC_ARC = YES;
				CLANG_ENABLE_OBJC_WEAK = YES;
				CLANG_WARN_BLOCK_CAPTURE_AUTORELEASING = YES;
				CLANG_WARN_BOOL_CONVERSION = YES;
				CLANG_WARN_COMMA = YES;
				CLANG_WARN_CONSTANT_CONVERSION = YES;
				CLANG_WARN_DEPRECATED_OBJC_IMPLEMENTATIONS = YES;
				CLANG_WARN_DIRECT_OBJC_ISA_USAGE = YES_ERROR;
				CLANG_WARN_DOCUMENTATION_COMMENTS = YES;
				CLANG_WARN_EMPTY_BODY = YES;
				CLANG_WARN_ENUM_CONVERSION = YES;
				CLANG_WARN_INFINITE_RECURSION = YES;
				CLANG_WARN_INT_CONVERSION = YES;
				CLANG_WARN_NON_LITERAL_NULL_CONVERSION = YES;
				CLANG_WARN_OBJC_IMPLICIT_RETAIN_SELF = YES;
				CLANG_WARN_OBJC_LITERAL_CONVERSION = YES;
				CLANG_WARN_OBJC_ROOT_CLASS = YES_ERROR;
				CLANG_WARN_QUOTED_INCLUDE_IN_FRAMEWORK_HEADER = YES;
				CLANG_WARN_RANGE_LOOP_ANALYSIS = YES;
				CLANG_WARN_STRICT_PROTOTYPES = YES;
				CLANG_WARN_SUSPICIOUS_MOVE = YES;
				CLANG_WARN_UNGUARDED_AVAILABILITY = YES_AGGRESSIVE;
				CLANG_WARN_UNREACHABLE_CODE = YES;
				CLANG_WARN__DUPLICATE_METHOD_MATCH = YES;
				COPY_PHASE_STRIP = NO;
				DEBUG_INFORMATION_FORMAT = dwarf;
				ENABLE_STRICT_OBJC_MSGSEND = YES;
				ENABLE_TESTABILITY = YES;
				GCC_C_LANGUAGE_STANDARD = gnu11;
				GCC_DYNAMIC_NO_PIC = NO;
				GCC_NO_COMMON_BLOCKS = YES;
				GCC_OPTIMIZATION_LEVEL = 0;
				GCC_PREPROCESSOR_DEFINITIONS = (
					"DEBUG=1",
					"$(inherited)",
				);
				GCC_WARN_64_TO_32_BIT_CONVERSION = YES;
				GCC_WARN_ABOUT_RETURN_TYPE = YES_ERROR;
				GCC_WARN_UNDECLARED_SELECTOR = YES;
				GCC_WARN_UNINITIALIZED_AUTOS = YES_AGGRESSIVE;
				GCC_WARN_UNUSED_FUNCTION = YES;
				GCC_WARN_UNUSED_VARIABLE = YES;
				IPHONEOS_DEPLOYMENT_TARGET = 15.4;
				MTL_ENABLE_DEBUG_INFO = INCLUDE_SOURCE;
				MTL_FAST_MATH = YES;
				ONLY_ACTIVE_ARCH = YES;
				SDKROOT = iphoneos;
				SWIFT_ACTIVE_COMPILATION_CONDITIONS = DEBUG;
				SWIFT_OPTIMIZATION_LEVEL = "-Onone";
			};
			name = Debug;
		};
		329EF77728C152F900DB8524 /* Release */ = {
			isa = XCBuildConfiguration;
			buildSettings = {
				ALWAYS_SEARCH_USER_PATHS = NO;
				CLANG_ANALYZER_NONNULL = YES;
				CLANG_ANALYZER_NUMBER_OBJECT_CONVERSION = YES_AGGRESSIVE;
				CLANG_CXX_LANGUAGE_STANDARD = "gnu++17";
				CLANG_ENABLE_MODULES = YES;
				CLANG_ENABLE_OBJC_ARC = YES;
				CLANG_ENABLE_OBJC_WEAK = YES;
				CLANG_WARN_BLOCK_CAPTURE_AUTORELEASING = YES;
				CLANG_WARN_BOOL_CONVERSION = YES;
				CLANG_WARN_COMMA = YES;
				CLANG_WARN_CONSTANT_CONVERSION = YES;
				CLANG_WARN_DEPRECATED_OBJC_IMPLEMENTATIONS = YES;
				CLANG_WARN_DIRECT_OBJC_ISA_USAGE = YES_ERROR;
				CLANG_WARN_DOCUMENTATION_COMMENTS = YES;
				CLANG_WARN_EMPTY_BODY = YES;
				CLANG_WARN_ENUM_CONVERSION = YES;
				CLANG_WARN_INFINITE_RECURSION = YES;
				CLANG_WARN_INT_CONVERSION = YES;
				CLANG_WARN_NON_LITERAL_NULL_CONVERSION = YES;
				CLANG_WARN_OBJC_IMPLICIT_RETAIN_SELF = YES;
				CLANG_WARN_OBJC_LITERAL_CONVERSION = YES;
				CLANG_WARN_OBJC_ROOT_CLASS = YES_ERROR;
				CLANG_WARN_QUOTED_INCLUDE_IN_FRAMEWORK_HEADER = YES;
				CLANG_WARN_RANGE_LOOP_ANALYSIS = YES;
				CLANG_WARN_STRICT_PROTOTYPES = YES;
				CLANG_WARN_SUSPICIOUS_MOVE = YES;
				CLANG_WARN_UNGUARDED_AVAILABILITY = YES_AGGRESSIVE;
				CLANG_WARN_UNREACHABLE_CODE = YES;
				CLANG_WARN__DUPLICATE_METHOD_MATCH = YES;
				COPY_PHASE_STRIP = NO;
				DEBUG_INFORMATION_FORMAT = "dwarf-with-dsym";
				ENABLE_NS_ASSERTIONS = NO;
				ENABLE_STRICT_OBJC_MSGSEND = YES;
				GCC_C_LANGUAGE_STANDARD = gnu11;
				GCC_NO_COMMON_BLOCKS = YES;
				GCC_WARN_64_TO_32_BIT_CONVERSION = YES;
				GCC_WARN_ABOUT_RETURN_TYPE = YES_ERROR;
				GCC_WARN_UNDECLARED_SELECTOR = YES;
				GCC_WARN_UNINITIALIZED_AUTOS = YES_AGGRESSIVE;
				GCC_WARN_UNUSED_FUNCTION = YES;
				GCC_WARN_UNUSED_VARIABLE = YES;
				IPHONEOS_DEPLOYMENT_TARGET = 15.4;
				MTL_ENABLE_DEBUG_INFO = NO;
				MTL_FAST_MATH = YES;
				SDKROOT = iphoneos;
				SWIFT_COMPILATION_MODE = wholemodule;
				SWIFT_OPTIMIZATION_LEVEL = "-O";
				VALIDATE_PRODUCT = YES;
			};
			name = Release;
		};
		329EF77928C152F900DB8524 /* Debug */ = {
			isa = XCBuildConfiguration;
			buildSettings = {
				ASSETCATALOG_COMPILER_APPICON_NAME = AppIcon;
				ASSETCATALOG_COMPILER_GLOBAL_ACCENT_COLOR_NAME = AccentColor;
				CODE_SIGN_STYLE = Automatic;
				CURRENT_PROJECT_VERSION = 1;
				DEVELOPMENT_TEAM = V92LW66S55;
				GENERATE_INFOPLIST_FILE = YES;
				INFOPLIST_FILE = "Challenge7 myNotes/Info.plist";
				INFOPLIST_KEY_UIApplicationSupportsIndirectInputEvents = YES;
				INFOPLIST_KEY_UILaunchStoryboardName = LaunchScreen;
				INFOPLIST_KEY_UIMainStoryboardFile = Main;
				INFOPLIST_KEY_UISupportedInterfaceOrientations_iPad = "UIInterfaceOrientationPortrait UIInterfaceOrientationPortraitUpsideDown UIInterfaceOrientationLandscapeLeft UIInterfaceOrientationLandscapeRight";
				INFOPLIST_KEY_UISupportedInterfaceOrientations_iPhone = "UIInterfaceOrientationPortrait UIInterfaceOrientationLandscapeLeft UIInterfaceOrientationLandscapeRight";
				LD_RUNPATH_SEARCH_PATHS = (
					"$(inherited)",
					"@executable_path/Frameworks",
				);
				MARKETING_VERSION = 1.0;
				PRODUCT_BUNDLE_IDENTIFIER = "com.eng.a.tahan-gmail.Challenge7-myNotes";
				PRODUCT_NAME = "$(TARGET_NAME)";
				SWIFT_EMIT_LOC_STRINGS = YES;
				SWIFT_VERSION = 5.0;
				TARGETED_DEVICE_FAMILY = "1,2";
			};
			name = Debug;
		};
		329EF77A28C152F900DB8524 /* Release */ = {
			isa = XCBuildConfiguration;
			buildSettings = {
				ASSETCATALOG_COMPILER_APPICON_NAME = AppIcon;
				ASSETCATALOG_COMPILER_GLOBAL_ACCENT_COLOR_NAME = AccentColor;
				CODE_SIGN_STYLE = Automatic;
				CURRENT_PROJECT_VERSION = 1;
				DEVELOPMENT_TEAM = V92LW66S55;
				GENERATE_INFOPLIST_FILE = YES;
				INFOPLIST_FILE = "Challenge7 myNotes/Info.plist";
				INFOPLIST_KEY_UIApplicationSupportsIndirectInputEvents = YES;
				INFOPLIST_KEY_UILaunchStoryboardName = LaunchScreen;
				INFOPLIST_KEY_UIMainStoryboardFile = Main;
				INFOPLIST_KEY_UISupportedInterfaceOrientations_iPad = "UIInterfaceOrientationPortrait UIInterfaceOrientationPortraitUpsideDown UIInterfaceOrientationLandscapeLeft UIInterfaceOrientationLandscapeRight";
				INFOPLIST_KEY_UISupportedInterfaceOrientations_iPhone = "UIInterfaceOrientationPortrait UIInterfaceOrientationLandscapeLeft UIInterfaceOrientationLandscapeRight";
				LD_RUNPATH_SEARCH_PATHS = (
					"$(inherited)",
					"@executable_path/Frameworks",
				);
				MARKETING_VERSION = 1.0;
				PRODUCT_BUNDLE_IDENTIFIER = "com.eng.a.tahan-gmail.Challenge7-myNotes";
				PRODUCT_NAME = "$(TARGET_NAME)";
				SWIFT_EMIT_LOC_STRINGS = YES;
				SWIFT_VERSION = 5.0;
				TARGETED_DEVICE_FAMILY = "1,2";
			};
			name = Release;
		};
/* End XCBuildConfiguration section */

/* Begin XCConfigurationList section */
		329EF75F28C152F700DB8524 /* Build configuration list for PBXProject "Challenge7 myNotes" */ = {
			isa = XCConfigurationList;
			buildConfigurations = (
				329EF77628C152F900DB8524 /* Debug */,
				329EF77728C152F900DB8524 /* Release */,
			);
			defaultConfigurationIsVisible = 0;
			defaultConfigurationName = Release;
		};
		329EF77828C152F900DB8524 /* Build configuration list for PBXNativeTarget "Challenge7 myNotes" */ = {
			isa = XCConfigurationList;
			buildConfigurations = (
				329EF77928C152F900DB8524 /* Debug */,
				329EF77A28C152F900DB8524 /* Release */,
			);
			defaultConfigurationIsVisible = 0;
			defaultConfigurationName = Release;
		};
/* End XCConfigurationList section */
	};
	rootObject = 329EF75C28C152F700DB8524 /* Project object */;
}
